
Microsoft Visual Studio Solution File, Format Version 12.00
# Visual Studio 15
VisualStudioVersion = 15.0.28307.1082
MinimumVisualStudioVersion = 10.0.40219.1
Project("{8BC9CEB8-8B4A-11D0-8D11-00A0C91BC942}") = "Gamma", "Gamma\Gamma.vcxproj", "{92162CF7-1082-4134-9149-EFF5A1A175BD}"
EndProject
Global
	GlobalSection(SolutionConfigurationPlatforms) = preSolution
		Debug|x64 = Debug|x64
		Debug|x86 = Debug|x86
		Release|x64 = Release|x64
		Release|x86 = Release|x86
	EndGlobalSection
	GlobalSection(ProjectConfigurationPlatforms) = postSolution
		{92162CF7-1082-4134-9149-EFF5A1A175BD}.Debug|x64.ActiveCfg = Debug|x64
		{92162CF7-1082-4134-9149-EFF5A1A175BD}.Debug|x64.Build.0 = Debug|x64
		{92162CF7-1082-4134-9149-EFF5A1A175BD}.Debug|x86.ActiveCfg = Debug|Win32
		{92162CF7-1082-4134-9149-EFF5A1A175BD}.Debug|x86.Build.0 = Debug|Win32
		{92162CF7-1082-4134-9149-EFF5A1A175BD}.Release|x64.ActiveCfg = Release|x64
		{92162CF7-1082-4134-9149-EFF5A1A175BD}.Release|x64.Build.0 = Release|x64
		{92162CF7-1082-4134-9149-EFF5A1A175BD}.Release|x86.ActiveCfg = Release|Win32
		{92162CF7-1082-4134-9149-EFF5A1A175BD}.Release|x86.Build.0 = Release|Win32
	EndGlobalSection
	GlobalSection(SolutionProperties) = preSolution
		HideSolutionNode = FALSE
	EndGlobalSection
	GlobalSection(ExtensibilityGlobals) = postSolution
		SolutionGuid = {C03A41A3-63B5-4188-A17E-94B0248ED45E}
	EndGlobalSection
EndGlobal
